
Microsoft Visual Studio Solution File, Format Version 12.00
# Visual Studio Version 16
VisualStudioVersion = 16.0.32901.82
MinimumVisualStudioVersion = 10.0.40219.1
Project("{FAE04EC0-301F-11D3-BF4B-00C04F79EFBC}") = "JsBlog", "JsBlog\JsBlog.csproj", "{884C7154-BE23-44B4-9FBA-CF1D98247303}"
	ProjectSection(ProjectDependencies) = postProject
		{32D76E34-930A-4859-BA67-FA1E8A7FA818} = {32D76E34-930A-4859-BA67-FA1E8A7FA818}
		{D2B2668A-B6F8-44A5-8BA5-93DF5C92EE15} = {D2B2668A-B6F8-44A5-8BA5-93DF5C92EE15}
		{0268E19B-D747-4227-8930-1B63B38D6338} = {0268E19B-D747-4227-8930-1B63B38D6338}
		{C5D114F3-51C1-4312-A357-BCE8A41F506B} = {C5D114F3-51C1-4312-A357-BCE8A41F506B}
	EndProjectSection
EndProject
Project("{FAE04EC0-301F-11D3-BF4B-00C04F79EFBC}") = "JsBlog.BusinessLayer", "JsBlogBusinessLayer\JsBlog.BusinessLayer.csproj", "{32D76E34-930A-4859-BA67-FA1E8A7FA818}"
	ProjectSection(ProjectDependencies) = postProject
		{D2B2668A-B6F8-44A5-8BA5-93DF5C92EE15} = {D2B2668A-B6F8-44A5-8BA5-93DF5C92EE15}
		{0268E19B-D747-4227-8930-1B63B38D6338} = {0268E19B-D747-4227-8930-1B63B38D6338}
		{C5D114F3-51C1-4312-A357-BCE8A41F506B} = {C5D114F3-51C1-4312-A357-BCE8A41F506B}
	EndProjectSection
EndProject
Project("{FAE04EC0-301F-11D3-BF4B-00C04F79EFBC}") = "JsBlog.DataLayer", "JsBlogDataLayer\JsBlog.DataLayer.csproj", "{D2B2668A-B6F8-44A5-8BA5-93DF5C92EE15}"
EndProject
Project("{FAE04EC0-301F-11D3-BF4B-00C04F79EFBC}") = "JsBlog.ServiceLayer", "JsBlogServiceLayer\JsBlog.ServiceLayer.csproj", "{C5D114F3-51C1-4312-A357-BCE8A41F506B}"
	ProjectSection(ProjectDependencies) = postProject
		{D2B2668A-B6F8-44A5-8BA5-93DF5C92EE15} = {D2B2668A-B6F8-44A5-8BA5-93DF5C92EE15}
		{0268E19B-D747-4227-8930-1B63B38D6338} = {0268E19B-D747-4227-8930-1B63B38D6338}
	EndProjectSection
EndProject
Project("{FAE04EC0-301F-11D3-BF4B-00C04F79EFBC}") = "JsBlog.Model", "JsBlogs.Model\JsBlog.Model.csproj", "{0268E19B-D747-4227-8930-1B63B38D6338}"
EndProject
Global
	GlobalSection(SolutionConfigurationPlatforms) = preSolution
		Debug|Any CPU = Debug|Any CPU
		Release|Any CPU = Release|Any CPU
	EndGlobalSection
	GlobalSection(ProjectConfigurationPlatforms) = postSolution
		{884C7154-BE23-44B4-9FBA-CF1D98247303}.Debug|Any CPU.ActiveCfg = Debug|Any CPU
		{884C7154-BE23-44B4-9FBA-CF1D98247303}.Debug|Any CPU.Build.0 = Debug|Any CPU
		{884C7154-BE23-44B4-9FBA-CF1D98247303}.Release|Any CPU.ActiveCfg = Release|Any CPU
		{884C7154-BE23-44B4-9FBA-CF1D98247303}.Release|Any CPU.Build.0 = Release|Any CPU
		{32D76E34-930A-4859-BA67-FA1E8A7FA818}.Debug|Any CPU.ActiveCfg = Debug|Any CPU
		{32D76E34-930A-4859-BA67-FA1E8A7FA818}.Debug|Any CPU.Build.0 = Debug|Any CPU
		{32D76E34-930A-4859-BA67-FA1E8A7FA818}.Release|Any CPU.ActiveCfg = Release|Any CPU
		{32D76E34-930A-4859-BA67-FA1E8A7FA818}.Release|Any CPU.Build.0 = Release|Any CPU
		{D2B2668A-B6F8-44A5-8BA5-93DF5C92EE15}.Debug|Any CPU.ActiveCfg = Debug|Any CPU
		{D2B2668A-B6F8-44A5-8BA5-93DF5C92EE15}.Debug|Any CPU.Build.0 = Debug|Any CPU
		{D2B2668A-B6F8-44A5-8BA5-93DF5C92EE15}.Release|Any CPU.ActiveCfg = Release|Any CPU
		{D2B2668A-B6F8-44A5-8BA5-93DF5C92EE15}.Release|Any CPU.Build.0 = Release|Any CPU
		{C5D114F3-51C1-4312-A357-BCE8A41F506B}.Debug|Any CPU.ActiveCfg = Debug|Any CPU
		{C5D114F3-51C1-4312-A357-BCE8A41F506B}.Debug|Any CPU.Build.0 = Debug|Any CPU
		{C5D114F3-51C1-4312-A357-BCE8A41F506B}.Release|Any CPU.ActiveCfg = Release|Any CPU
		{C5D114F3-51C1-4312-A357-BCE8A41F506B}.Release|Any CPU.Build.0 = Release|Any CPU
		{0268E19B-D747-4227-8930-1B63B38D6338}.Debug|Any CPU.ActiveCfg = Debug|Any CPU
		{0268E19B-D747-4227-8930-1B63B38D6338}.Debug|Any CPU.Build.0 = Debug|Any CPU
		{0268E19B-D747-4227-8930-1B63B38D6338}.Release|Any CPU.ActiveCfg = Release|Any CPU
		{0268E19B-D747-4227-8930-1B63B38D6338}.Release|Any CPU.Build.0 = Release|Any CPU
	EndGlobalSection
	GlobalSection(SolutionProperties) = preSolution
		HideSolutionNode = FALSE
	EndGlobalSection
	GlobalSection(ExtensibilityGlobals) = postSolution
		SolutionGuid = {C42ECE4F-2775-4FB1-BA5B-16AE873C2CE0}
	EndGlobalSection
EndGlobal
